// !$*UTF8*$!
{
	archiveVersion = 1;
	classes = {
	};
	objectVersion = 46;
	objects = {

/* Begin PBXBuildFile section */
		547C3DC520CBCA494236822B /* libPods-WKWebViewInteractWithJS.a in Frameworks */ = {isa = PBXBuildFile; fileRef = 3B13498B0F668B547EC56F64 /* libPods-WKWebViewInteractWithJS.a */; };
		BA75FFD71E728C38004D19C9 /* ExampleApp.html in Resources */ = {isa = PBXBuildFile; fileRef = BA75FFD61E728C38004D19C9 /* ExampleApp.html */; };
		BA75FFDA1E728C53004D19C9 /* TestViewController.m in Sources */ = {isa = PBXBuildFile; fileRef = BA75FFD91E728C53004D19C9 /* TestViewController.m */; };
		BA75FFDC1E728EC8004D19C9 /* test1.html in Resources */ = {isa = PBXBuildFile; fileRef = BA75FFDB1E728EC8004D19C9 /* test1.html */; };
		BA7F292B1E70F3A4000F359D /* main.m in Sources */ = {isa = PBXBuildFile; fileRef = BA7F292A1E70F3A4000F359D /* main.m */; };
		BA7F292E1E70F3A4000F359D /* AppDelegate.m in Sources */ = {isa = PBXBuildFile; fileRef = BA7F292D1E70F3A4000F359D /* AppDelegate.m */; };
		BA7F29311E70F3A5000F359D /* ViewController.m in Sources */ = {isa = PBXBuildFile; fileRef = BA7F29301E70F3A5000F359D /* ViewController.m */; };
		BA7F29361E70F3A6000F359D /* Assets.xcassets in Resources */ = {isa = PBXBuildFile; fileRef = BA7F29351E70F3A5000F359D /* Assets.xcassets */; };
		BA7F29391E70F3A6000F359D /* LaunchScreen.storyboard in Resources */ = {isa = PBXBuildFile; fileRef = BA7F29371E70F3A6000F359D /* LaunchScreen.storyboard */; };
		BA7F29411E70F954000F359D /* test.html in Resources */ = {isa = PBXBuildFile; fileRef = BA7F29401E70F954000F359D /* test.html */; };
		BA7F29441E70FE83000F359D /* HTMLViewController.m in Sources */ = {isa = PBXBuildFile; fileRef = BA7F29431E70FE83000F359D /* HTMLViewController.m */; };
		BA7F29471E7100C3000F359D /* DestinationViewController.m in Sources */ = {isa = PBXBuildFile; fileRef = BA7F29461E7100C3000F359D /* DestinationViewController.m */; };
		BA7F29491E713926000F359D /* JS in Resources */ = {isa = PBXBuildFile; fileRef = BA7F29481E713926000F359D /* JS */; };
/* End PBXBuildFile section */

/* Begin PBXFileReference section */
		2852C2D6C27522803D70D399 /* Pods-WKWebViewInteractWithJS.release.xcconfig */ = {isa = PBXFileReference; includeInIndex = 1; lastKnownFileType = text.xcconfig; name = "Pods-WKWebViewInteractWithJS.release.xcconfig"; path = "Pods/Target Support Files/Pods-WKWebViewInteractWithJS/Pods-WKWebViewInteractWithJS.release.xcconfig"; sourceTree = "<group>"; };
		3B13498B0F668B547EC56F64 /* libPods-WKWebViewInteractWithJS.a */ = {isa = PBXFileReference; explicitFileType = archive.ar; includeInIndex = 0; path = "libPods-WKWebViewInteractWithJS.a"; sourceTree = BUILT_PRODUCTS_DIR; };
		BA75FFD61E728C38004D19C9 /* ExampleApp.html */ = {isa = PBXFileReference; fileEncoding = 4; lastKnownFileType = text.html; path = ExampleApp.html; sourceTree = "<group>"; };
		BA75FFD81E728C53004D19C9 /* TestViewController.h */ = {isa = PBXFileReference; fileEncoding = 4; lastKnownFileType = sourcecode.c.h; path = TestViewController.h; sourceTree = "<group>"; };
		BA75FFD91E728C53004D19C9 /* TestViewController.m */ = {isa = PBXFileReference; fileEncoding = 4; lastKnownFileType = sourcecode.c.objc; path = TestViewController.m; sourceTree = "<group>"; };
		BA75FFDB1E728EC8004D19C9 /* test1.html */ = {isa = PBXFileReference; fileEncoding = 4; lastKnownFileType = text.html; path = test1.html; sourceTree = "<group>"; };
		BA7F29261E70F3A4000F359D /* WKWebViewInteractWithJS.app */ = {isa = PBXFileReference; explicitFileType = wrapper.application; includeInIndex = 0; path = WKWebViewInteractWithJS.app; sourceTree = BUILT_PRODUCTS_DIR; };
		BA7F292A1E70F3A4000F359D /* main.m */ = {isa = PBXFileReference; lastKnownFileType = sourcecode.c.objc; path = main.m; sourceTree = "<group>"; };
		BA7F292C1E70F3A4000F359D /* AppDelegate.h */ = {isa = PBXFileReference; lastKnownFileType = sourcecode.c.h; path = AppDelegate.h; sourceTree = "<group>"; };
		BA7F292D1E70F3A4000F359D /* AppDelegate.m */ = {isa = PBXFileReference; lastKnownFileType = sourcecode.c.objc; path = AppDelegate.m; sourceTree = "<group>"; };
		BA7F292F1E70F3A5000F359D /* ViewController.h */ = {isa = PBXFileReference; lastKnownFileType = sourcecode.c.h; path = ViewController.h; sourceTree = "<group>"; };
		BA7F29301E70F3A5000F359D /* ViewController.m */ = {isa = PBXFileReference; lastKnownFileType = sourcecode.c.objc; path = ViewController.m; sourceTree = "<group>"; };
		BA7F29351E70F3A5000F359D /* Assets.xcassets */ = {isa = PBXFileReference; lastKnownFileType = folder.assetcatalog; path = Assets.xcassets; sourceTree = "<group>"; };
		BA7F29381E70F3A6000F359D /* Base */ = {isa = PBXFileReference; lastKnownFileType = file.storyboard; name = Base; path = Base.lproj/LaunchScreen.storyboard; sourceTree = "<group>"; };
		BA7F293A1E70F3A6000F359D /* Info.plist */ = {isa = PBXFileReference; lastKnownFileType = text.plist.xml; path = Info.plist; sourceTree = "<group>"; };
		BA7F29401E70F954000F359D /* test.html */ = {isa = PBXFileReference; fileEncoding = 4; lastKnownFileType = text.html; path = test.html; sourceTree = "<group>"; };
		BA7F29421E70FE83000F359D /* HTMLViewController.h */ = {isa = PBXFileReference; fileEncoding = 4; lastKnownFileType = sourcecode.c.h; path = HTMLViewController.h; sourceTree = "<group>"; };
		BA7F29431E70FE83000F359D /* HTMLViewController.m */ = {isa = PBXFileReference; fileEncoding = 4; lastKnownFileType = sourcecode.c.objc; path = HTMLViewController.m; sourceTree = "<group>"; };
		BA7F29451E7100C3000F359D /* DestinationViewController.h */ = {isa = PBXFileReference; fileEncoding = 4; lastKnownFileType = sourcecode.c.h; path = DestinationViewController.h; sourceTree = "<group>"; };
		BA7F29461E7100C3000F359D /* DestinationViewController.m */ = {isa = PBXFileReference; fileEncoding = 4; lastKnownFileType = sourcecode.c.objc; path = DestinationViewController.m; sourceTree = "<group>"; };
		BA7F29481E713926000F359D /* JS */ = {isa = PBXFileReference; lastKnownFileType = folder; path = JS; sourceTree = "<group>"; };
		E45BD8CDBD74FC05C027A97B /* Pods-WKWebViewInteractWithJS.debug.xcconfig */ = {isa = PBXFileReference; includeInIndex = 1; lastKnownFileType = text.xcconfig; name = "Pods-WKWebViewInteractWithJS.debug.xcconfig"; path = "Pods/Target Support Files/Pods-WKWebViewInteractWithJS/Pods-WKWebViewInteractWithJS.debug.xcconfig"; sourceTree = "<group>"; };
/* End PBXFileReference section */

/* Begin PBXFrameworksBuildPhase section */
		BA7F29231E70F3A3000F359D /* Frameworks */ = {
			isa = PBXFrameworksBuildPhase;
			buildActionMask = 2147483647;
			files = (
				547C3DC520CBCA494236822B /* libPods-WKWebViewInteractWithJS.a in Frameworks */,
			);
			runOnlyForDeploymentPostprocessing = 0;
		};
/* End PBXFrameworksBuildPhase section */

/* Begin PBXGroup section */
		6D955ED905DBD60C53A57499 /* Pods */ = {
			isa = PBXGroup;
			children = (
				E45BD8CDBD74FC05C027A97B /* Pods-WKWebViewInteractWithJS.debug.xcconfig */,
				2852C2D6C27522803D70D399 /* Pods-WKWebViewInteractWithJS.release.xcconfig */,
			);
			name = Pods;
			sourceTree = "<group>";
		};
		BA7F291D1E70F3A3000F359D = {
			isa = PBXGroup;
			children = (
				BA7F29281E70F3A4000F359D /* WKWebViewInteractWithJS */,
				BA7F29271E70F3A4000F359D /* Products */,
				6D955ED905DBD60C53A57499 /* Pods */,
				BACD874D159608F06541C7BC /* Frameworks */,
			);
			sourceTree = "<group>";
		};
		BA7F29271E70F3A4000F359D /* Products */ = {
			isa = PBXGroup;
			children = (
				BA7F29261E70F3A4000F359D /* WKWebViewInteractWithJS.app */,
			);
			name = Products;
			sourceTree = "<group>";
		};
		BA7F29281E70F3A4000F359D /* WKWebViewInteractWithJS */ = {
			isa = PBXGroup;
			children = (
				BA7F29481E713926000F359D /* JS */,
				BA7F29401E70F954000F359D /* test.html */,
				BA75FFDB1E728EC8004D19C9 /* test1.html */,
				BA75FFD61E728C38004D19C9 /* ExampleApp.html */,
				BA7F292C1E70F3A4000F359D /* AppDelegate.h */,
				BA7F292D1E70F3A4000F359D /* AppDelegate.m */,
				BA7F292F1E70F3A5000F359D /* ViewController.h */,
				BA7F29301E70F3A5000F359D /* ViewController.m */,
				BA7F29351E70F3A5000F359D /* Assets.xcassets */,
				BA7F29371E70F3A6000F359D /* LaunchScreen.storyboard */,
				BA7F293A1E70F3A6000F359D /* Info.plist */,
				BA7F29291E70F3A4000F359D /* Supporting Files */,
				BA7F29421E70FE83000F359D /* HTMLViewController.h */,
				BA7F29431E70FE83000F359D /* HTMLViewController.m */,
				BA7F29451E7100C3000F359D /* DestinationViewController.h */,
				BA7F29461E7100C3000F359D /* DestinationViewController.m */,
				BA75FFD81E728C53004D19C9 /* TestViewController.h */,
				BA75FFD91E728C53004D19C9 /* TestViewController.m */,
			);
			path = WKWebViewInteractWithJS;
			sourceTree = "<group>";
		};
		BA7F29291E70F3A4000F359D /* Supporting Files */ = {
			isa = PBXGroup;
			children = (
				BA7F292A1E70F3A4000F359D /* main.m */,
			);
			name = "Supporting Files";
			sourceTree = "<group>";
		};
		BACD874D159608F06541C7BC /* Frameworks */ = {
			isa = PBXGroup;
			children = (
				3B13498B0F668B547EC56F64 /* libPods-WKWebViewInteractWithJS.a */,
			);
			name = Frameworks;
			sourceTree = "<group>";
		};
/* End PBXGroup section */

/* Begin PBXNativeTarget section */
		BA7F29251E70F3A3000F359D /* WKWebViewInteractWithJS */ = {
			isa = PBXNativeTarget;
			buildConfigurationList = BA7F293D1E70F3A6000F359D /* Build configuration list for PBXNativeTarget "WKWebViewInteractWithJS" */;
			buildPhases = (
				97235592182B4AADAAF71935 /* [CP] Check Pods Manifest.lock */,
				BA7F29221E70F3A3000F359D /* Sources */,
				BA7F29231E70F3A3000F359D /* Frameworks */,
				BA7F29241E70F3A3000F359D /* Resources */,
				1E58AB8F45D833C445F3F3A0 /* [CP] Embed Pods Frameworks */,
				F064B7927B94B46910B098DC /* [CP] Copy Pods Resources */,
			);
			buildRules = (
			);
			dependencies = (
			);
			name = WKWebViewInteractWithJS;
			productName = WKWebViewInteractWithJS;
			productReference = BA7F29261E70F3A4000F359D /* WKWebViewInteractWithJS.app */;
			productType = "com.apple.product-type.application";
		};
/* End PBXNativeTarget section */

/* Begin PBXProject section */
		BA7F291E1E70F3A3000F359D /* Project object */ = {
			isa = PBXProject;
			attributes = {
				LastUpgradeCheck = 0810;
				ORGANIZATIONNAME = Henry;
				TargetAttributes = {
					BA7F29251E70F3A3000F359D = {
						CreatedOnToolsVersion = 8.1;
						DevelopmentTeam = 43D3P5RG23;
						ProvisioningStyle = Automatic;
					};
				};
			};
			buildConfigurationList = BA7F29211E70F3A3000F359D /* Build configuration list for PBXProject "WKWebViewInteractWithJS" */;
			compatibilityVersion = "Xcode 3.2";
			developmentRegion = English;
			hasScannedForEncodings = 0;
			knownRegions = (
				en,
				Base,
			);
			mainGroup = BA7F291D1E70F3A3000F359D;
			productRefGroup = BA7F29271E70F3A4000F359D /* Products */;
			projectDirPath = "";
			projectRoot = "";
			targets = (
				BA7F29251E70F3A3000F359D /* WKWebViewInteractWithJS */,
			);
		};
/* End PBXProject section */

/* Begin PBXResourcesBuildPhase section */
		BA7F29241E70F3A3000F359D /* Resources */ = {
			isa = PBXResourcesBuildPhase;
			buildActionMask = 2147483647;
			files = (
				BA7F29391E70F3A6000F359D /* LaunchScreen.storyboard in Resources */,
				BA7F29361E70F3A6000F359D /* Assets.xcassets in Resources */,
				BA7F29411E70F954000F359D /* test.html in Resources */,
				BA75FFDC1E728EC8004D19C9 /* test1.html in Resources */,
				BA7F29491E713926000F359D /* JS in Resources */,
				BA75FFD71E728C38004D19C9 /* ExampleApp.html in Resources */,
			);
			runOnlyForDeploymentPostprocessing = 0;
		};
/* End PBXResourcesBuildPhase section */

/* Begin PBXShellScriptBuildPhase section */
		1E58AB8F45D833C445F3F3A0 /* [CP] Embed Pods Frameworks */ = {
			isa = PBXShellScriptBuildPhase;
			buildActionMask = 2147483647;
			files = (
			);
			inputPaths = (
			);
			name = "[CP] Embed Pods Frameworks";
			outputPaths = (
			);
			runOnlyForDeploymentPostprocessing = 0;
			shellPath = /bin/sh;
			shellScript = "\"${SRCROOT}/Pods/Target Support Files/Pods-WKWebViewInteractWithJS/Pods-WKWebViewInteractWithJS-frameworks.sh\"\n";
			showEnvVarsInLog = 0;
		};
		97235592182B4AADAAF71935 /* [CP] Check Pods Manifest.lock */ = {
			isa = PBXShellScriptBuildPhase;
			buildActionMask = 2147483647;
			files = (
			);
			inputPaths = (
			);
			name = "[CP] Check Pods Manifest.lock";
			outputPaths = (
			);
			runOnlyForDeploymentPostprocessing = 0;
			shellPath = /bin/sh;
			shellScript = "diff \"${PODS_ROOT}/../Podfile.lock\" \"${PODS_ROOT}/Manifest.lock\" > /dev/null\nif [ $? != 0 ] ; then\n    # print error to STDERR\n    echo \"error: The sandbox is not in sync with the Podfile.lock. Run 'pod install' or update your CocoaPods installation.\" >&2\n    exit 1\nfi\n";
			showEnvVarsInLog = 0;
		};
		F064B7927B94B46910B098DC /* [CP] Copy Pods Resources */ = {
			isa = PBXShellScriptBuildPhase;
			buildActionMask = 2147483647;
			files = (
			);
			inputPaths = (
			);
			name = "[CP] Copy Pods Resources";
			outputPaths = (
			);
			runOnlyForDeploymentPostprocessing = 0;
			shellPath = /bin/sh;
			shellScript = "\"${SRCROOT}/Pods/Target Support Files/Pods-WKWebViewInteractWithJS/Pods-WKWebViewInteractWithJS-resources.sh\"\n";
			showEnvVarsInLog = 0;
		};
/* End PBXShellScriptBuildPhase section */

/* Begin PBXSourcesBuildPhase section */
		BA7F29221E70F3A3000F359D /* Sources */ = {
			isa = PBXSourcesBuildPhase;
			buildActionMask = 2147483647;
			files = (
				BA75FFDA1E728C53004D19C9 /* TestViewController.m in Sources */,
				BA7F29311E70F3A5000F359D /* ViewController.m in Sources */,
				BA7F29471E7100C3000F359D /* DestinationViewController.m in Sources */,
				BA7F292E1E70F3A4000F359D /* AppDelegate.m in Sources */,
				BA7F292B1E70F3A4000F359D /* main.m in Sources */,
				BA7F29441E70FE83000F359D /* HTMLViewController.m in Sources */,
			);
			runOnlyForDeploymentPostprocessing = 0;
		};
/* End PBXSourcesBuildPhase section */

/* Begin PBXVariantGroup section */
		BA7F29371E70F3A6000F359D /* LaunchScreen.storyboard */ = {
			isa = PBXVariantGroup;
			children = (
				BA7F29381E70F3A6000F359D /* Base */,
			);
			name = LaunchScreen.storyboard;
			sourceTree = "<group>";
		};
/* End PBXVariantGroup section */

/* Begin XCBuildConfiguration section */
		BA7F293B1E70F3A6000F359D /* Debug */ = {
			isa = XCBuildConfiguration;
			buildSettings = {
				ALWAYS_SEARCH_USER_PATHS = NO;
				CLANG_ANALYZER_NONNULL = YES;
				CLANG_CXX_LANGUAGE_STANDARD = "gnu++0x";
				CLANG_CXX_LIBRARY = "libc++";
				CLANG_ENABLE_MODULES = YES;
				CLANG_ENABLE_OBJC_ARC = YES;
				CLANG_WARN_BOOL_CONVERSION = YES;
				CLANG_WARN_CONSTANT_CONVERSION = YES;
				CLANG_WARN_DIRECT_OBJC_ISA_USAGE = YES_ERROR;
				CLANG_WARN_DOCUMENTATION_COMMENTS = YES;
				CLANG_WARN_EMPTY_BODY = YES;
				CLANG_WARN_ENUM_CONVERSION = YES;
				CLANG_WARN_INFINITE_RECURSION = YES;
				CLANG_WARN_INT_CONVERSION = YES;
				CLANG_WARN_OBJC_ROOT_CLASS = YES_ERROR;
				CLANG_WARN_SUSPICIOUS_MOVES = YES;
				CLANG_WARN_UNREACHABLE_CODE = YES;
				CLANG_WARN__DUPLICATE_METHOD_MATCH = YES;
				"CODE_SIGN_IDENTITY[sdk=iphoneos*]" = "iPhone Developer";
				COPY_PHASE_STRIP = NO;
				DEBUG_INFORMATION_FORMAT = dwarf;
				ENABLE_STRICT_OBJC_MSGSEND = YES;
				ENABLE_TESTABILITY = YES;
				GCC_C_LANGUAGE_STANDARD = gnu99;
				GCC_DYNAMIC_NO_PIC = NO;
				GCC_NO_COMMON_BLOCKS = YES;
				GCC_OPTIMIZATION_LEVEL = 0;
				GCC_PREPROCESSOR_DEFINITIONS = (
					"DEBUG=1",
					"$(inherited)",
				);
				GCC_WARN_64_TO_32_BIT_CONVERSION = YES;
				GCC_WARN_ABOUT_RETURN_TYPE = YES_ERROR;
				GCC_WARN_UNDECLARED_SELECTOR = YES;
				GCC_WARN_UNINITIALIZED_AUTOS = YES_AGGRESSIVE;
				GCC_WARN_UNUSED_FUNCTION = YES;
				GCC_WARN_UNUSED_VARIABLE = YES;
				IPHONEOS_DEPLOYMENT_TARGET = 10.1;
				MTL_ENABLE_DEBUG_INFO = YES;
				ONLY_ACTIVE_ARCH = YES;
				SDKROOT = iphoneos;
			};
			name = Debug;
		};
		BA7F293C1E70F3A6000F359D /* Release */ = {
			isa = XCBuildConfiguration;
			buildSettings = {
				ALWAYS_SEARCH_USER_PATHS = NO;
				CLANG_ANALYZER_NONNULL = YES;
				CLANG_CXX_LANGUAGE_STANDARD = "gnu++0x";
				CLANG_CXX_LIBRARY = "libc++";
				CLANG_ENABLE_MODULES = YES;
				CLANG_ENABLE_OBJC_ARC = YES;
				CLANG_WARN_BOOL_CONVERSION = YES;
				CLANG_WARN_CONSTANT_CONVERSION = YES;
				CLANG_WARN_DIRECT_OBJC_ISA_USAGE = YES_ERROR;
				CLANG_WARN_DOCUMENTATION_COMMENTS = YES;
				CLANG_WARN_EMPTY_BODY = YES;
				CLANG_WARN_ENUM_CONVERSION = YES;
				CLANG_WARN_INFINITE_RECURSION = YES;
				CLANG_WARN_INT_CONVERSION = YES;
				CLANG_WARN_OBJC_ROOT_CLASS = YES_ERROR;
				CLANG_WARN_SUSPICIOUS_MOVES = YES;
				CLANG_WARN_UNREACHABLE_CODE = YES;
				CLANG_WARN__DUPLICATE_METHOD_MATCH = YES;
				"CODE_SIGN_IDENTITY[sdk=iphoneos*]" = "iPhone Developer";
				COPY_PHASE_STRIP = NO;
				DEBUG_INFORMATION_FORMAT = "dwarf-with-dsym";
				ENABLE_NS_ASSERTIONS = NO;
				ENABLE_STRICT_OBJC_MSGSEND = YES;
				GCC_C_LANGUAGE_STANDARD = gnu99;
				GCC_NO_COMMON_BLOCKS = YES;
				GCC_WARN_64_TO_32_BIT_CONVERSION = YES;
				GCC_WARN_ABOUT_RETURN_TYPE = YES_ERROR;
				GCC_WARN_UNDECLARED_SELECTOR = YES;
				GCC_WARN_UNINITIALIZED_AUTOS = YES_AGGRESSIVE;
				GCC_WARN_UNUSED_FUNCTION = YES;
				GCC_WARN_UNUSED_VARIABLE = YES;
				IPHONEOS_DEPLOYMENT_TARGET = 10.1;
				MTL_ENABLE_DEBUG_INFO = NO;
				SDKROOT = iphoneos;
				VALIDATE_PRODUCT = YES;
			};
			name = Release;
		};
		BA7F293E1E70F3A6000F359D /* Debug */ = {
			isa = XCBuildConfiguration;
			baseConfigurationReference = E45BD8CDBD74FC05C027A97B /* Pods-WKWebViewInteractWithJS.debug.xcconfig */;
			buildSettings = {
				ASSETCATALOG_COMPILER_APPICON_NAME = AppIcon;
				DEVELOPMENT_TEAM = 43D3P5RG23;
				INFOPLIST_FILE = WKWebViewInteractWithJS/Info.plist;
				LD_RUNPATH_SEARCH_PATHS = "$(inherited) @executable_path/Frameworks";
				PRODUCT_BUNDLE_IDENTIFIER = com.zeninfor.WKWebViewInteractWithJS;
				PRODUCT_NAME = "$(TARGET_NAME)";
			};
			name = Debug;
		};
		BA7F293F1E70F3A6000F359D /* Release */ = {
			isa = XCBuildConfiguration;
			baseConfigurationReference = 2852C2D6C27522803D70D399 /* Pods-WKWebViewInteractWithJS.release.xcconfig */;
			buildSettings = {
				ASSETCATALOG_COMPILER_APPICON_NAME = AppIcon;
				DEVELOPMENT_TEAM = 43D3P5RG23;
				INFOPLIST_FILE = WKWebViewInteractWithJS/Info.plist;
				LD_RUNPATH_SEARCH_PATHS = "$(inherited) @executable_path/Frameworks";
				PRODUCT_BUNDLE_IDENTIFIER = com.zeninfor.WKWebViewInteractWithJS;
				PRODUCT_NAME = "$(TARGET_NAME)";
			};
			name = Release;
		};
/* End XCBuildConfiguration section */

/* Begin XCConfigurationList section */
		BA7F29211E70F3A3000F359D /* Build configuration list for PBXProject "WKWebViewInteractWithJS" */ = {
			isa = XCConfigurationList;
			buildConfigurations = (
				BA7F293B1E70F3A6000F359D /* Debug */,
				BA7F293C1E70F3A6000F359D /* Release */,
			);
			defaultConfigurationIsVisible = 0;
			defaultConfigurationName = Release;
		};
		BA7F293D1E70F3A6000F359D /* Build configuration list for PBXNativeTarget "WKWebViewInteractWithJS" */ = {
			isa = XCConfigurationList;
			buildConfigurations = (
				BA7F293E1E70F3A6000F359D /* Debug */,
				BA7F293F1E70F3A6000F359D /* Release */,
			);
			defaultConfigurationIsVisible = 0;
			defaultConfigurationName = Release;
		};
/* End XCConfigurationList section */
	};
	rootObject = BA7F291E1E70F3A3000F359D /* Project object */;
}
